// !$*UTF8*$!
{
	archiveVersion = 1;
	classes = {
	};
	objectVersion = 46;
	objects = {

/* Begin PBXBuildFile section */
		8F8B1D3B13361BA4002AAC11 /* UIKit.framework in Frameworks */ = {isa = PBXBuildFile; fileRef = 8F8B1D3A13361BA4002AAC11 /* UIKit.framework */; };
		8F8B1D3D13361BA4002AAC11 /* Foundation.framework in Frameworks */ = {isa = PBXBuildFile; fileRef = 8F8B1D3C13361BA4002AAC11 /* Foundation.framework */; };
		8F8B1D3F13361BA4002AAC11 /* CoreGraphics.framework in Frameworks */ = {isa = PBXBuildFile; fileRef = 8F8B1D3E13361BA4002AAC11 /* CoreGraphics.framework */; };
		8F8B1D4113361BA4002AAC11 /* QuartzCore.framework in Frameworks */ = {isa = PBXBuildFile; fileRef = 8F8B1D4013361BA4002AAC11 /* QuartzCore.framework */; };
		8F8B1D4313361BA4002AAC11 /* OpenGLES.framework in Frameworks */ = {isa = PBXBuildFile; fileRef = 8F8B1D4213361BA4002AAC11 /* OpenGLES.framework */; };
		8F8B1D4913361BA4002AAC11 /* InfoPlist.strings in Resources */ = {isa = PBXBuildFile; fileRef = 8F8B1D4713361BA4002AAC11 /* InfoPlist.strings */; };
		8F8B1D4C13361BA4002AAC11 /* main.m in Sources */ = {isa = PBXBuildFile; fileRef = 8F8B1D4B13361BA4002AAC11 /* main.m */; };
		8F8B1D4F13361BA4002AAC11 /* Tutorial14AppDelegate.mm in Sources */ = {isa = PBXBuildFile; fileRef = 8F8B1D4E13361BA4002AAC11 /* Tutorial14AppDelegate.mm */; };
		8F8B1D5213361BA4002AAC11 /* MainWindow.xib in Resources */ = {isa = PBXBuildFile; fileRef = 8F8B1D5013361BA4002AAC11 /* MainWindow.xib */; };
		8F8B1D5913361BA4002AAC11 /* EAGLView.m in Sources */ = {isa = PBXBuildFile; fileRef = 8F8B1D5813361BA4002AAC11 /* EAGLView.m */; };
		8F8B1D5C13361BA4002AAC11 /* Tutorial14ViewController.mm in Sources */ = {isa = PBXBuildFile; fileRef = 8F8B1D5B13361BA4002AAC11 /* Tutorial14ViewController.mm */; };
		8F8B1D5F13361BA4002AAC11 /* Tutorial14ViewController.xib in Resources */ = {isa = PBXBuildFile; fileRef = 8F8B1D5D13361BA4002AAC11 /* Tutorial14ViewController.xib */; };
		A11C0BEB1729C0420098E91D /* MainWindow-iPad.xib in Resources */ = {isa = PBXBuildFile; fileRef = A11C0BE91729C0420098E91D /* MainWindow-iPad.xib */; };
		A11C0BED1729C7960098E91D /* x_mark.png in Resources */ = {isa = PBXBuildFile; fileRef = A11C0BEC1729C7960098E91D /* x_mark.png */; };
		A17932C8172A6632005AE5BC /* Image.m in Sources */ = {isa = PBXBuildFile; fileRef = A17932C7172A6632005AE5BC /* Image.m */; };
		A17932CB172A663B005AE5BC /* Texture2D.m in Sources */ = {isa = PBXBuildFile; fileRef = A17932CA172A663B005AE5BC /* Texture2D.m */; };
		A1967853172B2A2800B2A8C1 /* miniGLU.mm in Sources */ = {isa = PBXBuildFile; fileRef = A1967852172B2A2800B2A8C1 /* miniGLU.mm */; };
/* End PBXBuildFile section */

/* Begin PBXFileReference section */
		8F8B1D3613361BA4002AAC11 /* Tutorial14.app */ = {isa = PBXFileReference; explicitFileType = wrapper.application; includeInIndex = 0; path = Tutorial14.app; sourceTree = BUILT_PRODUCTS_DIR; };
		8F8B1D3A13361BA4002AAC11 /* UIKit.framework */ = {isa = PBXFileReference; lastKnownFileType = wrapper.framework; name = UIKit.framework; path = System/Library/Frameworks/UIKit.framework; sourceTree = SDKROOT; };
		8F8B1D3C13361BA4002AAC11 /* Foundation.framework */ = {isa = PBXFileReference; lastKnownFileType = wrapper.framework; name = Foundation.framework; path = System/Library/Frameworks/Foundation.framework; sourceTree = SDKROOT; };
		8F8B1D3E13361BA4002AAC11 /* CoreGraphics.framework */ = {isa = PBXFileReference; lastKnownFileType = wrapper.framework; name = CoreGraphics.framework; path = System/Library/Frameworks/CoreGraphics.framework; sourceTree = SDKROOT; };
		8F8B1D4013361BA4002AAC11 /* QuartzCore.framework */ = {isa = PBXFileReference; lastKnownFileType = wrapper.framework; name = QuartzCore.framework; path = System/Library/Frameworks/QuartzCore.framework; sourceTree = SDKROOT; };
		8F8B1D4213361BA4002AAC11 /* OpenGLES.framework */ = {isa = PBXFileReference; lastKnownFileType = wrapper.framework; name = OpenGLES.framework; path = System/Library/Frameworks/OpenGLES.framework; sourceTree = SDKROOT; };
		8F8B1D4613361BA4002AAC11 /* Tutorial14-Info.plist */ = {isa = PBXFileReference; lastKnownFileType = text.plist.xml; path = "Tutorial14-Info.plist"; sourceTree = "<group>"; };
		8F8B1D4813361BA4002AAC11 /* en */ = {isa = PBXFileReference; lastKnownFileType = text.plist.strings; name = en; path = en.lproj/InfoPlist.strings; sourceTree = "<group>"; };
		8F8B1D4A13361BA4002AAC11 /* Tutorial14-Prefix.pch */ = {isa = PBXFileReference; lastKnownFileType = sourcecode.c.h; path = "Tutorial14-Prefix.pch"; sourceTree = "<group>"; };
		8F8B1D4B13361BA4002AAC11 /* main.m */ = {isa = PBXFileReference; lastKnownFileType = sourcecode.c.objc; path = main.m; sourceTree = "<group>"; };
		8F8B1D4D13361BA4002AAC11 /* Tutorial14AppDelegate.h */ = {isa = PBXFileReference; lastKnownFileType = sourcecode.c.h; path = Tutorial14AppDelegate.h; sourceTree = "<group>"; };
		8F8B1D4E13361BA4002AAC11 /* Tutorial14AppDelegate.mm */ = {isa = PBXFileReference; lastKnownFileType = sourcecode.cpp.objcpp; path = Tutorial14AppDelegate.mm; sourceTree = "<group>"; };
		8F8B1D5113361BA4002AAC11 /* en */ = {isa = PBXFileReference; lastKnownFileType = file.xib; name = en; path = en.lproj/MainWindow.xib; sourceTree = "<group>"; };
		8F8B1D5713361BA4002AAC11 /* EAGLView.h */ = {isa = PBXFileReference; lastKnownFileType = sourcecode.c.h; path = EAGLView.h; sourceTree = "<group>"; };
		8F8B1D5813361BA4002AAC11 /* EAGLView.m */ = {isa = PBXFileReference; lastKnownFileType = sourcecode.c.objc; path = EAGLView.m; sourceTree = "<group>"; };
		8F8B1D5A13361BA4002AAC11 /* Tutorial14ViewController.h */ = {isa = PBXFileReference; lastKnownFileType = sourcecode.c.h; path = Tutorial14ViewController.h; sourceTree = "<group>"; };
		8F8B1D5B13361BA4002AAC11 /* Tutorial14ViewController.mm */ = {isa = PBXFileReference; lastKnownFileType = sourcecode.cpp.objcpp; path = Tutorial14ViewController.mm; sourceTree = "<group>"; };
		8F8B1D5E13361BA4002AAC11 /* en */ = {isa = PBXFileReference; lastKnownFileType = file.xib; name = en; path = en.lproj/Tutorial14ViewController.xib; sourceTree = "<group>"; };
		8F8B1D661336203A002AAC11 /* CommonOpenGL.h */ = {isa = PBXFileReference; fileEncoding = 4; lastKnownFileType = sourcecode.c.h; path = CommonOpenGL.h; sourceTree = "<group>"; };
		A11C0BEA1729C0420098E91D /* en */ = {isa = PBXFileReference; lastKnownFileType = file.xib; name = en; path = "iPad/en.lproj/MainWindow-iPad.xib"; sourceTree = "<group>"; };
		A11C0BEC1729C7960098E91D /* x_mark.png */ = {isa = PBXFileReference; lastKnownFileType = image.png; path = x_mark.png; sourceTree = "<group>"; };
		A17932C6172A6632005AE5BC /* Image.h */ = {isa = PBXFileReference; fileEncoding = 4; lastKnownFileType = sourcecode.c.h; path = Image.h; sourceTree = "<group>"; };
		A17932C7172A6632005AE5BC /* Image.m */ = {isa = PBXFileReference; fileEncoding = 4; lastKnownFileType = sourcecode.c.objc; path = Image.m; sourceTree = "<group>"; };
		A17932C9172A663B005AE5BC /* Texture2D.h */ = {isa = PBXFileReference; fileEncoding = 4; lastKnownFileType = sourcecode.c.h; path = Texture2D.h; sourceTree = "<group>"; };
		A17932CA172A663B005AE5BC /* Texture2D.m */ = {isa = PBXFileReference; fileEncoding = 4; lastKnownFileType = sourcecode.c.objc; path = Texture2D.m; sourceTree = "<group>"; };
		A1967851172B2A2800B2A8C1 /* miniGLU.h */ = {isa = PBXFileReference; fileEncoding = 4; lastKnownFileType = sourcecode.c.h; path = miniGLU.h; sourceTree = "<group>"; };
		A1967852172B2A2800B2A8C1 /* miniGLU.mm */ = {isa = PBXFileReference; fileEncoding = 4; lastKnownFileType = sourcecode.cpp.objcpp; path = miniGLU.mm; sourceTree = "<group>"; };
/* End PBXFileReference section */

/* Begin PBXFrameworksBuildPhase section */
		8F8B1D3313361BA4002AAC11 /* Frameworks */ = {
			isa = PBXFrameworksBuildPhase;
			buildActionMask = 2147483647;
			files = (
				8F8B1D3B13361BA4002AAC11 /* UIKit.framework in Frameworks */,
				8F8B1D3D13361BA4002AAC11 /* Foundation.framework in Frameworks */,
				8F8B1D3F13361BA4002AAC11 /* CoreGraphics.framework in Frameworks */,
				8F8B1D4113361BA4002AAC11 /* QuartzCore.framework in Frameworks */,
				8F8B1D4313361BA4002AAC11 /* OpenGLES.framework in Frameworks */,
			);
			runOnlyForDeploymentPostprocessing = 0;
		};
/* End PBXFrameworksBuildPhase section */

/* Begin PBXGroup section */
		8F8B1D2B13361BA4002AAC11 = {
			isa = PBXGroup;
			children = (
				8F8B1D4413361BA4002AAC11 /* Tutorial14 */,
				8F8B1D3913361BA4002AAC11 /* Frameworks */,
				8F8B1D3713361BA4002AAC11 /* Products */,
			);
			sourceTree = "<group>";
		};
		8F8B1D3713361BA4002AAC11 /* Products */ = {
			isa = PBXGroup;
			children = (
				8F8B1D3613361BA4002AAC11 /* Tutorial14.app */,
			);
			name = Products;
			sourceTree = "<group>";
		};
		8F8B1D3913361BA4002AAC11 /* Frameworks */ = {
			isa = PBXGroup;
			children = (
				8F8B1D3A13361BA4002AAC11 /* UIKit.framework */,
				8F8B1D3C13361BA4002AAC11 /* Foundation.framework */,
				8F8B1D3E13361BA4002AAC11 /* CoreGraphics.framework */,
				8F8B1D4013361BA4002AAC11 /* QuartzCore.framework */,
				8F8B1D4213361BA4002AAC11 /* OpenGLES.framework */,
			);
			name = Frameworks;
			sourceTree = "<group>";
		};
		8F8B1D4413361BA4002AAC11 /* Tutorial14 */ = {
			isa = PBXGroup;
			children = (
				A17932C5172A6626005AE5BC /* 2D */,
				8F8B1D651336202E002AAC11 /* Common/GLU */,
				8F8B1D4D13361BA4002AAC11 /* Tutorial14AppDelegate.h */,
				8F8B1D4E13361BA4002AAC11 /* Tutorial14AppDelegate.mm */,
				8F8B1D5713361BA4002AAC11 /* EAGLView.h */,
				8F8B1D5813361BA4002AAC11 /* EAGLView.m */,
				8F8B1D5A13361BA4002AAC11 /* Tutorial14ViewController.h */,
				8F8B1D5B13361BA4002AAC11 /* Tutorial14ViewController.mm */,
				A11C0BE81729C03F0098E91D /* iPad */,
				8F8B1D4513361BA4002AAC11 /* Supporting Files */,
			);
			path = Tutorial14;
			sourceTree = "<group>";
		};
		8F8B1D4513361BA4002AAC11 /* Supporting Files */ = {
			isa = PBXGroup;
			children = (
				8F8B1D5D13361BA4002AAC11 /* Tutorial14ViewController.xib */,
				A11C0BEC1729C7960098E91D /* x_mark.png */,
				8F8B1D5013361BA4002AAC11 /* MainWindow.xib */,
				8F8B1D4613361BA4002AAC11 /* Tutorial14-Info.plist */,
				8F8B1D4713361BA4002AAC11 /* InfoPlist.strings */,
				8F8B1D4A13361BA4002AAC11 /* Tutorial14-Prefix.pch */,
				8F8B1D4B13361BA4002AAC11 /* main.m */,
			);
			name = "Supporting Files";
			sourceTree = "<group>";
		};
		8F8B1D651336202E002AAC11 /* Common/GLU */ = {
			isa = PBXGroup;
			children = (
				A1967851172B2A2800B2A8C1 /* miniGLU.h */,
				A1967852172B2A2800B2A8C1 /* miniGLU.mm */,
				8F8B1D661336203A002AAC11 /* CommonOpenGL.h */,
			);
			name = Common/GLU;
			sourceTree = "<group>";
		};
		A11C0BE81729C03F0098E91D /* iPad */ = {
			isa = PBXGroup;
			children = (
				A11C0BE91729C0420098E91D /* MainWindow-iPad.xib */,
			);
			name = iPad;
			sourceTree = "<group>";
		};
		A17932C5172A6626005AE5BC /* 2D */ = {
			isa = PBXGroup;
			children = (
				A17932C6172A6632005AE5BC /* Image.h */,
				A17932C7172A6632005AE5BC /* Image.m */,
				A17932C9172A663B005AE5BC /* Texture2D.h */,
				A17932CA172A663B005AE5BC /* Texture2D.m */,
			);
			name = 2D;
			sourceTree = "<group>";
		};
/* End PBXGroup section */

/* Begin PBXNativeTarget section */
		8F8B1D3513361BA4002AAC11 /* Tutorial14 */ = {
			isa = PBXNativeTarget;
			buildConfigurationList = 8F8B1D6213361BA4002AAC11 /* Build configuration list for PBXNativeTarget "Tutorial14" */;
			buildPhases = (
				8F8B1D3213361BA4002AAC11 /* Sources */,
				8F8B1D3313361BA4002AAC11 /* Frameworks */,
				8F8B1D3413361BA4002AAC11 /* Resources */,
			);
			buildRules = (
			);
			dependencies = (
			);
			name = Tutorial14;
			productName = Tutorial14;
			productReference = 8F8B1D3613361BA4002AAC11 /* Tutorial14.app */;
			productType = "com.apple.product-type.application";
		};
/* End PBXNativeTarget section */

/* Begin PBXProject section */
		8F8B1D2D13361BA4002AAC11 /* Project object */ = {
			isa = PBXProject;
			attributes = {
				ORGANIZATIONNAME = Personal;
			};
			buildConfigurationList = 8F8B1D3013361BA4002AAC11 /* Build configuration list for PBXProject "Tutorial14" */;
			compatibilityVersion = "Xcode 3.2";
			developmentRegion = English;
			hasScannedForEncodings = 0;
			knownRegions = (
				en,
			);
			mainGroup = 8F8B1D2B13361BA4002AAC11;
			productRefGroup = 8F8B1D3713361BA4002AAC11 /* Products */;
			projectDirPath = "";
			projectRoot = "";
			targets = (
				8F8B1D3513361BA4002AAC11 /* Tutorial14 */,
			);
		};
/* End PBXProject section */

/* Begin PBXResourcesBuildPhase section */
		8F8B1D3413361BA4002AAC11 /* Resources */ = {
			isa = PBXResourcesBuildPhase;
			buildActionMask = 2147483647;
			files = (
				8F8B1D4913361BA4002AAC11 /* InfoPlist.strings in Resources */,
				8F8B1D5213361BA4002AAC11 /* MainWindow.xib in Resources */,
				8F8B1D5F13361BA4002AAC11 /* Tutorial14ViewController.xib in Resources */,
				A11C0BEB1729C0420098E91D /* MainWindow-iPad.xib in Resources */,
				A11C0BED1729C7960098E91D /* x_mark.png in Resources */,
			);
			runOnlyForDeploymentPostprocessing = 0;
		};
/* End PBXResourcesBuildPhase section */

/* Begin PBXSourcesBuildPhase section */
		8F8B1D3213361BA4002AAC11 /* Sources */ = {
			isa = PBXSourcesBuildPhase;
			buildActionMask = 2147483647;
			files = (
				8F8B1D4C13361BA4002AAC11 /* main.m in Sources */,
				8F8B1D4F13361BA4002AAC11 /* Tutorial14AppDelegate.mm in Sources */,
				8F8B1D5913361BA4002AAC11 /* EAGLView.m in Sources */,
				8F8B1D5C13361BA4002AAC11 /* Tutorial14ViewController.mm in Sources */,
				A17932C8172A6632005AE5BC /* Image.m in Sources */,
				A17932CB172A663B005AE5BC /* Texture2D.m in Sources */,
				A1967853172B2A2800B2A8C1 /* miniGLU.mm in Sources */,
			);
			runOnlyForDeploymentPostprocessing = 0;
		};
/* End PBXSourcesBuildPhase section */

/* Begin PBXVariantGroup section */
		8F8B1D4713361BA4002AAC11 /* InfoPlist.strings */ = {
			isa = PBXVariantGroup;
			children = (
				8F8B1D4813361BA4002AAC11 /* en */,
			);
			name = InfoPlist.strings;
			sourceTree = "<group>";
		};
		8F8B1D5013361BA4002AAC11 /* MainWindow.xib */ = {
			isa = PBXVariantGroup;
			children = (
				8F8B1D5113361BA4002AAC11 /* en */,
			);
			name = MainWindow.xib;
			sourceTree = "<group>";
		};
		8F8B1D5D13361BA4002AAC11 /* Tutorial14ViewController.xib */ = {
			isa = PBXVariantGroup;
			children = (
				8F8B1D5E13361BA4002AAC11 /* en */,
			);
			name = Tutorial14ViewController.xib;
			sourceTree = "<group>";
		};
		A11C0BE91729C0420098E91D /* MainWindow-iPad.xib */ = {
			isa = PBXVariantGroup;
			children = (
				A11C0BEA1729C0420098E91D /* en */,
			);
			name = "MainWindow-iPad.xib";
			sourceTree = "<group>";
		};
/* End PBXVariantGroup section */

/* Begin XCBuildConfiguration section */
		8F8B1D6013361BA4002AAC11 /* Debug */ = {
			isa = XCBuildConfiguration;
			buildSettings = {
				ARCHS = "$(ARCHS_STANDARD_32_BIT)";
				"CODE_SIGN_IDENTITY[sdk=iphoneos*]" = "iPhone Developer";
				GCC_C_LANGUAGE_STANDARD = gnu99;
				GCC_OPTIMIZATION_LEVEL = 0;
				GCC_PREPROCESSOR_DEFINITIONS = DEBUG;
				GCC_SYMBOLS_PRIVATE_EXTERN = NO;
				GCC_VERSION = com.apple.compilers.llvmgcc42;
				GCC_WARN_ABOUT_RETURN_TYPE = YES;
				GCC_WARN_UNUSED_VARIABLE = YES;
				IPHONEOS_DEPLOYMENT_TARGET = 6.0;
				SDKROOT = iphoneos;
			};
			name = Debug;
		};
		8F8B1D6113361BA4002AAC11 /* Release */ = {
			isa = XCBuildConfiguration;
			buildSettings = {
				ARCHS = "$(ARCHS_STANDARD_32_BIT)";
				"CODE_SIGN_IDENTITY[sdk=iphoneos*]" = "iPhone Developer";
				GCC_C_LANGUAGE_STANDARD = gnu99;
				GCC_VERSION = com.apple.compilers.llvmgcc42;
				GCC_WARN_ABOUT_RETURN_TYPE = YES;
				GCC_WARN_UNUSED_VARIABLE = YES;
				IPHONEOS_DEPLOYMENT_TARGET = 6.0;
				OTHER_CFLAGS = "-DNS_BLOCK_ASSERTIONS=1";
				SDKROOT = iphoneos;
			};
			name = Release;
		};
		8F8B1D6313361BA4002AAC11 /* Debug */ = {
			isa = XCBuildConfiguration;
			buildSettings = {
				ALWAYS_SEARCH_USER_PATHS = NO;
				COPY_PHASE_STRIP = NO;
				GCC_DYNAMIC_NO_PIC = NO;
				GCC_PRECOMPILE_PREFIX_HEADER = YES;
				GCC_PREFIX_HEADER = "Tutorial14/Tutorial14-Prefix.pch";
				"GCC_THUMB_SUPPORT[arch=armv6]" = "";
				INFOPLIST_FILE = "Tutorial14/Tutorial14-Info.plist";
				IPHONEOS_DEPLOYMENT_TARGET = 6.0;
				PRODUCT_NAME = "$(TARGET_NAME)";
				TARGETED_DEVICE_FAMILY = "1,2";
				WRAPPER_EXTENSION = app;
			};
			name = Debug;
		};
		8F8B1D6413361BA4002AAC11 /* Release */ = {
			isa = XCBuildConfiguration;
			buildSettings = {
				ALWAYS_SEARCH_USER_PATHS = NO;
				COPY_PHASE_STRIP = YES;
				GCC_PRECOMPILE_PREFIX_HEADER = YES;
				GCC_PREFIX_HEADER = "Tutorial14/Tutorial14-Prefix.pch";
				"GCC_THUMB_SUPPORT[arch=armv6]" = "";
				INFOPLIST_FILE = "Tutorial14/Tutorial14-Info.plist";
				IPHONEOS_DEPLOYMENT_TARGET = 6.0;
				PRODUCT_NAME = "$(TARGET_NAME)";
				TARGETED_DEVICE_FAMILY = "1,2";
				VALIDATE_PRODUCT = YES;
				WRAPPER_EXTENSION = app;
			};
			name = Release;
		};
/* End XCBuildConfiguration section */

/* Begin XCConfigurationList section */
		8F8B1D3013361BA4002AAC11 /* Build configuration list for PBXProject "Tutorial14" */ = {
			isa = XCConfigurationList;
			buildConfigurations = (
				8F8B1D6013361BA4002AAC11 /* Debug */,
				8F8B1D6113361BA4002AAC11 /* Release */,
			);
			defaultConfigurationIsVisible = 0;
			defaultConfigurationName = Release;
		};
		8F8B1D6213361BA4002AAC11 /* Build configuration list for PBXNativeTarget "Tutorial14" */ = {
			isa = XCConfigurationList;
			buildConfigurations = (
				8F8B1D6313361BA4002AAC11 /* Debug */,
				8F8B1D6413361BA4002AAC11 /* Release */,
			);
			defaultConfigurationIsVisible = 0;
			defaultConfigurationName = Release;
		};
/* End XCConfigurationList section */
	};
	rootObject = 8F8B1D2D13361BA4002AAC11 /* Project object */;
}
